
Microsoft Visual Studio Solution File, Format Version 12.00
# Visual Studio 2012
Project("{FAE04EC0-301F-11D3-BF4B-00C04F79EFBC}") = "AverageBuddy.Android", "AverageBuddy.Android.csproj", "{CC275D1F-6AE5-4288-A56F-C38BB5C52A5C}"
EndProject
Global
	GlobalSection(SolutionConfigurationPlatforms) = preSolution
		Debug|Any CPU = Debug|Any CPU
		Release|Any CPU = Release|Any CPU
	EndGlobalSection
	GlobalSection(ProjectConfigurationPlatforms) = postSolution
		{CC275D1F-6AE5-4288-A56F-C38BB5C52A5C}.Debug|Any CPU.ActiveCfg = Debug|Any CPU
		{CC275D1F-6AE5-4288-A56F-C38BB5C52A5C}.Debug|Any CPU.Build.0 = Debug|Any CPU
		{CC275D1F-6AE5-4288-A56F-C38BB5C52A5C}.Release|Any CPU.ActiveCfg = Release|Any CPU
		{CC275D1F-6AE5-4288-A56F-C38BB5C52A5C}.Release|Any CPU.Build.0 = Release|Any CPU
	EndGlobalSection
	GlobalSection(MonoDevelopProperties) = preSolution
		StartupItem = AverageBuddy.Android\AverageBuddy.Android.csproj
	EndGlobalSection
EndGlobal
